
Microsoft Visual Studio Solution File, Format Version 12.00
# Visual Studio Version 16
VisualStudioVersion = 16.0.32106.194
MinimumVisualStudioVersion = 10.0.40219.1
Project("{FAE04EC0-301F-11D3-BF4B-00C04F79EFBC}") = "Api_WebApplication1", "Api_WebApplication1.csproj", "{F7A8B246-1EC0-4A47-BED0-7B27FF3AD03D}"
EndProject
Global
	GlobalSection(SolutionConfigurationPlatforms) = preSolution
		Debug|Any CPU = Debug|Any CPU
		Release|Any CPU = Release|Any CPU
	EndGlobalSection
	GlobalSection(ProjectConfigurationPlatforms) = postSolution
		{F7A8B246-1EC0-4A47-BED0-7B27FF3AD03D}.Debug|Any CPU.ActiveCfg = Debug|Any CPU
		{F7A8B246-1EC0-4A47-BED0-7B27FF3AD03D}.Debug|Any CPU.Build.0 = Debug|Any CPU
		{F7A8B246-1EC0-4A47-BED0-7B27FF3AD03D}.Release|Any CPU.ActiveCfg = Release|Any CPU
		{F7A8B246-1EC0-4A47-BED0-7B27FF3AD03D}.Release|Any CPU.Build.0 = Release|Any CPU
	EndGlobalSection
	GlobalSection(SolutionProperties) = preSolution
		HideSolutionNode = FALSE
	EndGlobalSection
	GlobalSection(ExtensibilityGlobals) = postSolution
		SolutionGuid = {D9017E58-C984-4450-8563-8E889F5466CD}
	EndGlobalSection
EndGlobal
